{
  "originHash" : "ccf402f452752747b8dda66a4cb7a3a3ba3e644b76f32850136aa1eca635c8e4",
  "pins" : [
    {
      "identity" : "arcdesignsystem",
      "kind" : "remoteSourceControl",
      "location" : "https://github.com/arclabs-studio/ARCDesignSystem",
      "state" : {
        "revision" : "f395bc222eafc17fbed8d7f90e45c9753661aa8e",
        "version" : "2.3.1"
      }
    },
    {
      "identity" : "swift-docc-plugin",
      "kind" : "remoteSourceControl",
      "location" : "https://github.com/apple/swift-docc-plugin",
      "state" : {
        "revision" : "3e4f133a77e644a5812911a0513aeb7288b07d06",
        "version" : "1.4.5"
      }
    },
    {
      "identity" : "swift-docc-symbolkit",
      "kind" : "remoteSourceControl",
      "location" : "https://github.com/swiftlang/swift-docc-symbolkit",
      "state" : {
        "revision" : "b45d1f2ed151d057b54504d653e0da5552844e34",
        "version" : "1.0.0"
      }
    }
  ],
  "version" : 3
}
