// !$*UTF8*$!
{
	archiveVersion = 1;
	classes = {
	};
	objectVersion = 60;
	objects = {

/* Begin PBXBuildFile section */
		B10000010000000000000001 /* ARCUIComponentsDemoApp.swift in Sources */ = {isa = PBXBuildFile; fileRef = B20000010000000000000001 /* ARCUIComponentsDemoApp.swift */; };
		B10000010000000000000002 /* DemoHomeView.swift in Sources */ = {isa = PBXBuildFile; fileRef = B20000010000000000000002 /* DemoHomeView.swift */; };
		B10000010000000000000003 /* ARCMenuDemoScreen.swift in Sources */ = {isa = PBXBuildFile; fileRef = B20000010000000000000003 /* ARCMenuDemoScreen.swift */; };
		B10000010000000000000004 /* ARCFavoriteButtonDemoScreen.swift in Sources */ = {isa = PBXBuildFile; fileRef = B20000010000000000000004 /* ARCFavoriteButtonDemoScreen.swift */; };
		B10000010000000000000005 /* ARCListCardDemoScreen.swift in Sources */ = {isa = PBXBuildFile; fileRef = B20000010000000000000005 /* ARCListCardDemoScreen.swift */; };
		B10000010000000000000007 /* ARCEmptyStateDemoScreen.swift in Sources */ = {isa = PBXBuildFile; fileRef = B20000010000000000000007 /* ARCEmptyStateDemoScreen.swift */; };
		B10000010000000000000008 /* LiquidGlassDemoScreen.swift in Sources */ = {isa = PBXBuildFile; fileRef = B20000010000000000000008 /* LiquidGlassDemoScreen.swift */; };
		B10000010000000000000009 /* Color+Brand.swift in Sources */ = {isa = PBXBuildFile; fileRef = B20000010000000000000009 /* Color+Brand.swift */; };
		B1000001000000000000000A /* ARCTabViewDemoScreen.swift in Sources */ = {isa = PBXBuildFile; fileRef = B2000001000000000000000A /* ARCTabViewDemoScreen.swift */; };
		B1000001000000000000000B /* Assets.xcassets in Resources */ = {isa = PBXBuildFile; fileRef = B2000001000000000000000B /* Assets.xcassets */; };
		B1000001000000000000000C /* ARCUIComponents in Frameworks */ = {isa = PBXBuildFile; productRef = B3000001000000000000000C /* ARCUIComponents */; };
		B1000001000000000000000F /* ThematicArtworkDemoScreen.swift in Sources */ = {isa = PBXBuildFile; fileRef = B2000001000000000000000F /* ThematicArtworkDemoScreen.swift */; };
		B10000010000000000000010 /* ExampleArtwork.swift in Sources */ = {isa = PBXBuildFile; fileRef = B20000010000000000000010 /* ExampleArtwork.swift */; };
		B10000010000000000000011 /* ARCCardDemoScreen.swift in Sources */ = {isa = PBXBuildFile; fileRef = B20000010000000000000011 /* ARCCardDemoScreen.swift */; };
		B10000010000000000000012 /* ARCRatingViewDemoScreen.swift in Sources */ = {isa = PBXBuildFile; fileRef = B20000010000000000000012 /* ARCRatingViewDemoScreen.swift */; };
		B10000010000000000000013 /* ARCSkeletonDemoScreen.swift in Sources */ = {isa = PBXBuildFile; fileRef = B20000010000000000000013 /* ARCSkeletonDemoScreen.swift */; };
		B10000010000000000000014 /* ARCToastDemoScreen.swift in Sources */ = {isa = PBXBuildFile; fileRef = B20000010000000000000014 /* ARCToastDemoScreen.swift */; };
		B10000010000000000000015 /* ARCBadgeDemoScreen.swift in Sources */ = {isa = PBXBuildFile; fileRef = B20000010000000000000015 /* ARCBadgeDemoScreen.swift */; };
		B10000010000000000000016 /* ARCTagDemoScreen.swift in Sources */ = {isa = PBXBuildFile; fileRef = B20000010000000000000016 /* ARCTagDemoScreen.swift */; };
		B10000010000000000000017 /* ARCChipDemoScreen.swift in Sources */ = {isa = PBXBuildFile; fileRef = B20000010000000000000017 /* ARCChipDemoScreen.swift */; };
/* End PBXBuildFile section */

/* Begin PBXFileReference section */
		B20000010000000000000001 /* ARCUIComponentsDemoApp.swift */ = {isa = PBXFileReference; lastKnownFileType = sourcecode.swift; path = ARCUIComponentsDemoApp.swift; sourceTree = "<group>"; };
		B20000010000000000000002 /* DemoHomeView.swift */ = {isa = PBXFileReference; lastKnownFileType = sourcecode.swift; path = DemoHomeView.swift; sourceTree = "<group>"; };
		B20000010000000000000003 /* ARCMenuDemoScreen.swift */ = {isa = PBXFileReference; lastKnownFileType = sourcecode.swift; path = ARCMenuDemoScreen.swift; sourceTree = "<group>"; };
		B20000010000000000000004 /* ARCFavoriteButtonDemoScreen.swift */ = {isa = PBXFileReference; lastKnownFileType = sourcecode.swift; path = ARCFavoriteButtonDemoScreen.swift; sourceTree = "<group>"; };
		B20000010000000000000005 /* ARCListCardDemoScreen.swift */ = {isa = PBXFileReference; lastKnownFileType = sourcecode.swift; path = ARCListCardDemoScreen.swift; sourceTree = "<group>"; };
		B20000010000000000000007 /* ARCEmptyStateDemoScreen.swift */ = {isa = PBXFileReference; lastKnownFileType = sourcecode.swift; path = ARCEmptyStateDemoScreen.swift; sourceTree = "<group>"; };
		B20000010000000000000008 /* LiquidGlassDemoScreen.swift */ = {isa = PBXFileReference; lastKnownFileType = sourcecode.swift; path = LiquidGlassDemoScreen.swift; sourceTree = "<group>"; };
		B20000010000000000000009 /* Color+Brand.swift */ = {isa = PBXFileReference; lastKnownFileType = sourcecode.swift; path = "Color+Brand.swift"; sourceTree = "<group>"; };
		B2000001000000000000000A /* ARCTabViewDemoScreen.swift */ = {isa = PBXFileReference; lastKnownFileType = sourcecode.swift; path = ARCTabViewDemoScreen.swift; sourceTree = "<group>"; };
		B2000001000000000000000B /* Assets.xcassets */ = {isa = PBXFileReference; lastKnownFileType = folder.assetcatalog; path = Assets.xcassets; sourceTree = "<group>"; };
		B2000001000000000000000D /* ARCUIComponentsDemoApp.app */ = {isa = PBXFileReference; explicitFileType = wrapper.application; includeInIndex = 0; path = ARCUIComponentsDemoApp.app; sourceTree = BUILT_PRODUCTS_DIR; };
		B2000001000000000000000E /* ARCUIComponents */ = {isa = PBXFileReference; lastKnownFileType = wrapper; name = ARCUIComponents; path = ../..; sourceTree = "<group>"; };
		B2000001000000000000000F /* ThematicArtworkDemoScreen.swift */ = {isa = PBXFileReference; lastKnownFileType = sourcecode.swift; path = ThematicArtworkDemoScreen.swift; sourceTree = "<group>"; };
		B20000010000000000000010 /* ExampleArtwork.swift */ = {isa = PBXFileReference; lastKnownFileType = sourcecode.swift; path = ExampleArtwork.swift; sourceTree = "<group>"; };
		B20000010000000000000011 /* ARCCardDemoScreen.swift */ = {isa = PBXFileReference; lastKnownFileType = sourcecode.swift; path = ARCCardDemoScreen.swift; sourceTree = "<group>"; };
		B20000010000000000000012 /* ARCRatingViewDemoScreen.swift */ = {isa = PBXFileReference; lastKnownFileType = sourcecode.swift; path = ARCRatingViewDemoScreen.swift; sourceTree = "<group>"; };
		B20000010000000000000013 /* ARCSkeletonDemoScreen.swift */ = {isa = PBXFileReference; lastKnownFileType = sourcecode.swift; path = ARCSkeletonDemoScreen.swift; sourceTree = "<group>"; };
		B20000010000000000000014 /* ARCToastDemoScreen.swift */ = {isa = PBXFileReference; lastKnownFileType = sourcecode.swift; path = ARCToastDemoScreen.swift; sourceTree = "<group>"; };
		B20000010000000000000015 /* ARCBadgeDemoScreen.swift */ = {isa = PBXFileReference; lastKnownFileType = sourcecode.swift; path = ARCBadgeDemoScreen.swift; sourceTree = "<group>"; };
		B20000010000000000000016 /* ARCTagDemoScreen.swift */ = {isa = PBXFileReference; lastKnownFileType = sourcecode.swift; path = ARCTagDemoScreen.swift; sourceTree = "<group>"; };
		B20000010000000000000017 /* ARCChipDemoScreen.swift */ = {isa = PBXFileReference; lastKnownFileType = sourcecode.swift; path = ARCChipDemoScreen.swift; sourceTree = "<group>"; };
/* End PBXFileReference section */

/* Begin PBXFrameworksBuildPhase section */
		B40000010000000000000001 /* Frameworks */ = {
			isa = PBXFrameworksBuildPhase;
			buildActionMask = 2147483647;
			files = (
				B1000001000000000000000C /* ARCUIComponents in Frameworks */,
			);
			runOnlyForDeploymentPostprocessing = 0;
		};
/* End PBXFrameworksBuildPhase section */

/* Begin PBXGroup section */
		B50000010000000000000001 = {
			isa = PBXGroup;
			children = (
				B50000010000000000000002 /*  */,
				B50000010000000000000003 /* Products */,
				B50000010000000000000004 /* Packages */,
			);
			sourceTree = "<group>";
		};
		B50000010000000000000002 /*  */ = {
			isa = PBXGroup;
			children = (
				B20000010000000000000001 /* ARCUIComponentsDemoApp.swift */,
				B20000010000000000000002 /* DemoHomeView.swift */,
				B50000010000000000000008 /* Artwork */,
				B50000010000000000000006 /* Extensions */,
				B50000010000000000000005 /* Screens */,
				B50000010000000000000007 /* Resources */,
			);
			name = "";
			sourceTree = "<group>";
		};
		B50000010000000000000003 /* Products */ = {
			isa = PBXGroup;
			children = (
				B2000001000000000000000D /* ARCUIComponentsDemoApp.app */,
			);
			name = Products;
			sourceTree = "<group>";
		};
		B50000010000000000000004 /* Packages */ = {
			isa = PBXGroup;
			children = (
				B2000001000000000000000E /* ARCUIComponents */,
			);
			name = Packages;
			sourceTree = "<group>";
		};
		B50000010000000000000005 /* Screens */ = {
			isa = PBXGroup;
			children = (
				B20000010000000000000003 /* ARCMenuDemoScreen.swift */,
				B20000010000000000000004 /* ARCFavoriteButtonDemoScreen.swift */,
				B20000010000000000000005 /* ARCListCardDemoScreen.swift */,
				B20000010000000000000011 /* ARCCardDemoScreen.swift */,
				B20000010000000000000012 /* ARCRatingViewDemoScreen.swift */,
				B20000010000000000000007 /* ARCEmptyStateDemoScreen.swift */,
				B20000010000000000000013 /* ARCSkeletonDemoScreen.swift */,
				B20000010000000000000014 /* ARCToastDemoScreen.swift */,
				B20000010000000000000015 /* ARCBadgeDemoScreen.swift */,
				B20000010000000000000016 /* ARCTagDemoScreen.swift */,
				B20000010000000000000017 /* ARCChipDemoScreen.swift */,
				B20000010000000000000008 /* LiquidGlassDemoScreen.swift */,
				B2000001000000000000000A /* ARCTabViewDemoScreen.swift */,
				B2000001000000000000000F /* ThematicArtworkDemoScreen.swift */,
			);
			path = Screens;
			sourceTree = "<group>";
		};
		B50000010000000000000006 /* Extensions */ = {
			isa = PBXGroup;
			children = (
				B20000010000000000000009 /* Color+Brand.swift */,
			);
			path = Extensions;
			sourceTree = "<group>";
		};
		B50000010000000000000007 /* Resources */ = {
			isa = PBXGroup;
			children = (
				B2000001000000000000000B /* Assets.xcassets */,
			);
			path = Resources;
			sourceTree = "<group>";
		};
		B50000010000000000000008 /* Artwork */ = {
			isa = PBXGroup;
			children = (
				B20000010000000000000010 /* ExampleArtwork.swift */,
			);
			path = Artwork;
			sourceTree = "<group>";
		};
/* End PBXGroup section */

/* Begin PBXNativeTarget section */
		B60000010000000000000001 /* ARCUIComponentsDemoApp */ = {
			isa = PBXNativeTarget;
			buildConfigurationList = B70000010000000000000001 /* Build configuration list for PBXNativeTarget "ARCUIComponentsDemoApp" */;
			buildPhases = (
				B80000010000000000000001 /* Sources */,
				B40000010000000000000001 /* Frameworks */,
				B90000010000000000000001 /* Resources */,
			);
			buildRules = (
			);
			dependencies = (
			);
			name = ARCUIComponentsDemoApp;
			packageProductDependencies = (
				B3000001000000000000000C /* ARCUIComponents */,
			);
			productName = ARCUIComponentsDemoApp;
			productReference = B2000001000000000000000D /* ARCUIComponentsDemoApp.app */;
			productType = "com.apple.product-type.application";
		};
/* End PBXNativeTarget section */

/* Begin PBXProject section */
		BA0000010000000000000001 /* Project object */ = {
			isa = PBXProject;
			attributes = {
				BuildIndependentTargetsInParallel = 1;
				LastSwiftUpdateCheck = 1600;
				LastUpgradeCheck = 2620;
				TargetAttributes = {
					B60000010000000000000001 = {
						CreatedOnToolsVersion = 16.0;
					};
				};
			};
			buildConfigurationList = BB0000010000000000000001 /* Build configuration list for PBXProject "ARCUIComponentsDemoApp" */;
			compatibilityVersion = "Xcode 14.0";
			developmentRegion = en;
			hasScannedForEncodings = 0;
			knownRegions = (
				en,
				Base,
			);
			mainGroup = B50000010000000000000001;
			packageReferences = (
				BC0000010000000000000001 /* XCLocalSwiftPackageReference "../.." */,
			);
			productRefGroup = B50000010000000000000003 /* Products */;
			projectDirPath = "";
			projectRoot = "";
			targets = (
				B60000010000000000000001 /* ARCUIComponentsDemoApp */,
			);
		};
/* End PBXProject section */

/* Begin PBXResourcesBuildPhase section */
		B90000010000000000000001 /* Resources */ = {
			isa = PBXResourcesBuildPhase;
			buildActionMask = 2147483647;
			files = (
				B1000001000000000000000B /* Assets.xcassets in Resources */,
			);
			runOnlyForDeploymentPostprocessing = 0;
		};
/* End PBXResourcesBuildPhase section */

/* Begin PBXSourcesBuildPhase section */
		B80000010000000000000001 /* Sources */ = {
			isa = PBXSourcesBuildPhase;
			buildActionMask = 2147483647;
			files = (
				B10000010000000000000001 /* ARCUIComponentsDemoApp.swift in Sources */,
				B10000010000000000000002 /* DemoHomeView.swift in Sources */,
				B10000010000000000000009 /* Color+Brand.swift in Sources */,
				B10000010000000000000010 /* ExampleArtwork.swift in Sources */,
				B10000010000000000000003 /* ARCMenuDemoScreen.swift in Sources */,
				B10000010000000000000004 /* ARCFavoriteButtonDemoScreen.swift in Sources */,
				B10000010000000000000005 /* ARCListCardDemoScreen.swift in Sources */,
				B10000010000000000000011 /* ARCCardDemoScreen.swift in Sources */,
				B10000010000000000000012 /* ARCRatingViewDemoScreen.swift in Sources */,
				B10000010000000000000007 /* ARCEmptyStateDemoScreen.swift in Sources */,
				B10000010000000000000013 /* ARCSkeletonDemoScreen.swift in Sources */,
				B10000010000000000000014 /* ARCToastDemoScreen.swift in Sources */,
				B10000010000000000000015 /* ARCBadgeDemoScreen.swift in Sources */,
				B10000010000000000000016 /* ARCTagDemoScreen.swift in Sources */,
				B10000010000000000000017 /* ARCChipDemoScreen.swift in Sources */,
				B10000010000000000000008 /* LiquidGlassDemoScreen.swift in Sources */,
				B1000001000000000000000A /* ARCTabViewDemoScreen.swift in Sources */,
				B1000001000000000000000F /* ThematicArtworkDemoScreen.swift in Sources */,
			);
			runOnlyForDeploymentPostprocessing = 0;
		};
/* End PBXSourcesBuildPhase section */

/* Begin XCBuildConfiguration section */
		BD0000010000000000000001 /* Debug */ = {
			isa = XCBuildConfiguration;
			buildSettings = {
				ALWAYS_SEARCH_USER_PATHS = NO;
				ASSETCATALOG_COMPILER_GENERATE_SWIFT_ASSET_SYMBOL_EXTENSIONS = YES;
				CLANG_ANALYZER_NONNULL = YES;
				CLANG_ANALYZER_NUMBER_OBJECT_CONVERSION = YES_AGGRESSIVE;
				CLANG_CXX_LANGUAGE_STANDARD = "gnu++20";
				CLANG_ENABLE_MODULES = YES;
				CLANG_ENABLE_OBJC_ARC = YES;
				CLANG_ENABLE_OBJC_WEAK = YES;
				CLANG_WARN_BLOCK_CAPTURE_AUTORELEASING = YES;
				CLANG_WARN_BOOL_CONVERSION = YES;
				CLANG_WARN_COMMA = YES;
				CLANG_WARN_CONSTANT_CONVERSION = YES;
				CLANG_WARN_DEPRECATED_OBJC_IMPLEMENTATIONS = YES;
				CLANG_WARN_DIRECT_OBJC_ISA_USAGE = YES_ERROR;
				CLANG_WARN_DOCUMENTATION_COMMENTS = YES;
				CLANG_WARN_EMPTY_BODY = YES;
				CLANG_WARN_ENUM_CONVERSION = YES;
				CLANG_WARN_INFINITE_RECURSION = YES;
				CLANG_WARN_INT_CONVERSION = YES;
				CLANG_WARN_NON_LITERAL_NULL_CONVERSION = YES;
				CLANG_WARN_OBJC_IMPLICIT_RETAIN_SELF = YES;
				CLANG_WARN_OBJC_LITERAL_CONVERSION = YES;
				CLANG_WARN_OBJC_ROOT_CLASS = YES_ERROR;
				CLANG_WARN_QUOTED_INCLUDE_IN_FRAMEWORK_HEADER = YES;
				CLANG_WARN_RANGE_LOOP_ANALYSIS = YES;
				CLANG_WARN_STRICT_PROTOTYPES = YES;
				CLANG_WARN_SUSPICIOUS_MOVE = YES;
				CLANG_WARN_UNGUARDED_AVAILABILITY = YES_AGGRESSIVE;
				CLANG_WARN_UNREACHABLE_CODE = YES;
				CLANG_WARN__DUPLICATE_METHOD_MATCH = YES;
				COPY_PHASE_STRIP = NO;
				DEBUG_INFORMATION_FORMAT = dwarf;
				DEVELOPMENT_TEAM = 4W652PD582;
				ENABLE_STRICT_OBJC_MSGSEND = YES;
				ENABLE_TESTABILITY = YES;
				ENABLE_USER_SCRIPT_SANDBOXING = YES;
				GCC_C_LANGUAGE_STANDARD = gnu17;
				GCC_DYNAMIC_NO_PIC = NO;
				GCC_NO_COMMON_BLOCKS = YES;
				GCC_OPTIMIZATION_LEVEL = 0;
				GCC_PREPROCESSOR_DEFINITIONS = (
					"DEBUG=1",
					"$(inherited)",
				);
				GCC_WARN_64_TO_32_BIT_CONVERSION = YES;
				GCC_WARN_ABOUT_RETURN_TYPE = YES_ERROR;
				GCC_WARN_UNDECLARED_SELECTOR = YES;
				GCC_WARN_UNINITIALIZED_AUTOS = YES_AGGRESSIVE;
				GCC_WARN_UNUSED_FUNCTION = YES;
				GCC_WARN_UNUSED_VARIABLE = YES;
				IPHONEOS_DEPLOYMENT_TARGET = 17.0;
				LOCALIZATION_PREFERS_STRING_CATALOGS = YES;
				MTL_ENABLE_DEBUG_INFO = INCLUDE_SOURCE;
				MTL_FAST_MATH = YES;
				ONLY_ACTIVE_ARCH = YES;
				SDKROOT = iphoneos;
				STRING_CATALOG_GENERATE_SYMBOLS = YES;
				SWIFT_ACTIVE_COMPILATION_CONDITIONS = "DEBUG $(inherited)";
				SWIFT_OPTIMIZATION_LEVEL = "-Onone";
				SWIFT_VERSION = 6.0;
			};
			name = Debug;
		};
		BD0000010000000000000002 /* Release */ = {
			isa = XCBuildConfiguration;
			buildSettings = {
				ALWAYS_SEARCH_USER_PATHS = NO;
				ASSETCATALOG_COMPILER_GENERATE_SWIFT_ASSET_SYMBOL_EXTENSIONS = YES;
				CLANG_ANALYZER_NONNULL = YES;
				CLANG_ANALYZER_NUMBER_OBJECT_CONVERSION = YES_AGGRESSIVE;
				CLANG_CXX_LANGUAGE_STANDARD = "gnu++20";
				CLANG_ENABLE_MODULES = YES;
				CLANG_ENABLE_OBJC_ARC = YES;
				CLANG_ENABLE_OBJC_WEAK = YES;
				CLANG_WARN_BLOCK_CAPTURE_AUTORELEASING = YES;
				CLANG_WARN_BOOL_CONVERSION = YES;
				CLANG_WARN_COMMA = YES;
				CLANG_WARN_CONSTANT_CONVERSION = YES;
				CLANG_WARN_DEPRECATED_OBJC_IMPLEMENTATIONS = YES;
				CLANG_WARN_DIRECT_OBJC_ISA_USAGE = YES_ERROR;
				CLANG_WARN_DOCUMENTATION_COMMENTS = YES;
				CLANG_WARN_EMPTY_BODY = YES;
				CLANG_WARN_ENUM_CONVERSION = YES;
				CLANG_WARN_INFINITE_RECURSION = YES;
				CLANG_WARN_INT_CONVERSION = YES;
				CLANG_WARN_NON_LITERAL_NULL_CONVERSION = YES;
				CLANG_WARN_OBJC_IMPLICIT_RETAIN_SELF = YES;
				CLANG_WARN_OBJC_LITERAL_CONVERSION = YES;
				CLANG_WARN_OBJC_ROOT_CLASS = YES_ERROR;
				CLANG_WARN_QUOTED_INCLUDE_IN_FRAMEWORK_HEADER = YES;
				CLANG_WARN_RANGE_LOOP_ANALYSIS = YES;
				CLANG_WARN_STRICT_PROTOTYPES = YES;
				CLANG_WARN_SUSPICIOUS_MOVE = YES;
				CLANG_WARN_UNGUARDED_AVAILABILITY = YES_AGGRESSIVE;
				CLANG_WARN_UNREACHABLE_CODE = YES;
				CLANG_WARN__DUPLICATE_METHOD_MATCH = YES;
				COPY_PHASE_STRIP = NO;
				DEBUG_INFORMATION_FORMAT = "dwarf-with-dsym";
				DEVELOPMENT_TEAM = 4W652PD582;
				ENABLE_NS_ASSERTIONS = NO;
				ENABLE_STRICT_OBJC_MSGSEND = YES;
				ENABLE_USER_SCRIPT_SANDBOXING = YES;
				GCC_C_LANGUAGE_STANDARD = gnu17;
				GCC_NO_COMMON_BLOCKS = YES;
				GCC_WARN_64_TO_32_BIT_CONVERSION = YES;
				GCC_WARN_ABOUT_RETURN_TYPE = YES_ERROR;
				GCC_WARN_UNDECLARED_SELECTOR = YES;
				GCC_WARN_UNINITIALIZED_AUTOS = YES_AGGRESSIVE;
				GCC_WARN_UNUSED_FUNCTION = YES;
				GCC_WARN_UNUSED_VARIABLE = YES;
				IPHONEOS_DEPLOYMENT_TARGET = 17.0;
				LOCALIZATION_PREFERS_STRING_CATALOGS = YES;
				MTL_ENABLE_DEBUG_INFO = NO;
				MTL_FAST_MATH = YES;
				SDKROOT = iphoneos;
				STRING_CATALOG_GENERATE_SYMBOLS = YES;
				SWIFT_COMPILATION_MODE = wholemodule;
				SWIFT_VERSION = 6.0;
				VALIDATE_PRODUCT = YES;
			};
			name = Release;
		};
		BE0000010000000000000001 /* Debug */ = {
			isa = XCBuildConfiguration;
			buildSettings = {
				ASSETCATALOG_COMPILER_APPICON_NAME = AppIcon;
				ASSETCATALOG_COMPILER_GLOBAL_ACCENT_COLOR_NAME = AccentColor;
				CODE_SIGN_STYLE = Automatic;
				CURRENT_PROJECT_VERSION = 1;
				ENABLE_PREVIEWS = YES;
				GENERATE_INFOPLIST_FILE = YES;
				INFOPLIST_KEY_CFBundleDisplayName = "ARC UI Demo";
				INFOPLIST_KEY_UIApplicationSceneManifest_Generation = YES;
				INFOPLIST_KEY_UIApplicationSupportsIndirectInputEvents = YES;
				INFOPLIST_KEY_UILaunchScreen_Generation = YES;
				INFOPLIST_KEY_UISupportedInterfaceOrientations_iPad = "UIInterfaceOrientationPortrait UIInterfaceOrientationPortraitUpsideDown UIInterfaceOrientationLandscapeLeft UIInterfaceOrientationLandscapeRight";
				INFOPLIST_KEY_UISupportedInterfaceOrientations_iPhone = "UIInterfaceOrientationPortrait UIInterfaceOrientationLandscapeLeft UIInterfaceOrientationLandscapeRight";
				LD_RUNPATH_SEARCH_PATHS = (
					"$(inherited)",
					"@executable_path/Frameworks",
				);
				MARKETING_VERSION = 1.0;
				PRODUCT_BUNDLE_IDENTIFIER = com.arclabs.ARCUIComponentsDemoApp;
				PRODUCT_NAME = "$(TARGET_NAME)";
				SWIFT_EMIT_LOC_STRINGS = YES;
				SWIFT_STRICT_CONCURRENCY = complete;
				SWIFT_VERSION = 6.0;
				TARGETED_DEVICE_FAMILY = "1,2";
			};
			name = Debug;
		};
		BE0000010000000000000002 /* Release */ = {
			isa = XCBuildConfiguration;
			buildSettings = {
				ASSETCATALOG_COMPILER_APPICON_NAME = AppIcon;
				ASSETCATALOG_COMPILER_GLOBAL_ACCENT_COLOR_NAME = AccentColor;
				CODE_SIGN_STYLE = Automatic;
				CURRENT_PROJECT_VERSION = 1;
				ENABLE_PREVIEWS = YES;
				GENERATE_INFOPLIST_FILE = YES;
				INFOPLIST_KEY_CFBundleDisplayName = "ARC UI Demo";
				INFOPLIST_KEY_UIApplicationSceneManifest_Generation = YES;
				INFOPLIST_KEY_UIApplicationSupportsIndirectInputEvents = YES;
				INFOPLIST_KEY_UILaunchScreen_Generation = YES;
				INFOPLIST_KEY_UISupportedInterfaceOrientations_iPad = "UIInterfaceOrientationPortrait UIInterfaceOrientationPortraitUpsideDown UIInterfaceOrientationLandscapeLeft UIInterfaceOrientationLandscapeRight";
				INFOPLIST_KEY_UISupportedInterfaceOrientations_iPhone = "UIInterfaceOrientationPortrait UIInterfaceOrientationLandscapeLeft UIInterfaceOrientationLandscapeRight";
				LD_RUNPATH_SEARCH_PATHS = (
					"$(inherited)",
					"@executable_path/Frameworks",
				);
				MARKETING_VERSION = 1.0;
				PRODUCT_BUNDLE_IDENTIFIER = com.arclabs.ARCUIComponentsDemoApp;
				PRODUCT_NAME = "$(TARGET_NAME)";
				SWIFT_EMIT_LOC_STRINGS = YES;
				SWIFT_STRICT_CONCURRENCY = complete;
				SWIFT_VERSION = 6.0;
				TARGETED_DEVICE_FAMILY = "1,2";
			};
			name = Release;
		};
/* End XCBuildConfiguration section */

/* Begin XCConfigurationList section */
		B70000010000000000000001 /* Build configuration list for PBXNativeTarget "ARCUIComponentsDemoApp" */ = {
			isa = XCConfigurationList;
			buildConfigurations = (
				BE0000010000000000000001 /* Debug */,
				BE0000010000000000000002 /* Release */,
			);
			defaultConfigurationIsVisible = 0;
			defaultConfigurationName = Release;
		};
		BB0000010000000000000001 /* Build configuration list for PBXProject "ARCUIComponentsDemoApp" */ = {
			isa = XCConfigurationList;
			buildConfigurations = (
				BD0000010000000000000001 /* Debug */,
				BD0000010000000000000002 /* Release */,
			);
			defaultConfigurationIsVisible = 0;
			defaultConfigurationName = Release;
		};
/* End XCConfigurationList section */

/* Begin XCLocalSwiftPackageReference section */
		BC0000010000000000000001 /* XCLocalSwiftPackageReference "../.." */ = {
			isa = XCLocalSwiftPackageReference;
			relativePath = ../..;
		};
/* End XCLocalSwiftPackageReference section */

/* Begin XCSwiftPackageProductDependency section */
		B3000001000000000000000C /* ARCUIComponents */ = {
			isa = XCSwiftPackageProductDependency;
			package = BC0000010000000000000001 /* XCLocalSwiftPackageReference "../.." */;
			productName = ARCUIComponents;
		};
/* End XCSwiftPackageProductDependency section */
	};
	rootObject = BA0000010000000000000001 /* Project object */;
}
